
Microsoft Visual Studio Solution File, Format Version 12.00
# Visual Studio Version 17
VisualStudioVersion = 17.6.33815.320
MinimumVisualStudioVersion = 10.0.40219.1
Project("{FAE04EC0-301F-11D3-BF4B-00C04F79EFBC}") = "BasicBlockFinalWork", "BasicBlockFinalWork.csproj", "{8F8A3296-DEE8-4162-9033-E59E17251E04}"
EndProject
Global
	GlobalSection(SolutionConfigurationPlatforms) = preSolution
		Debug|Any CPU = Debug|Any CPU
		Release|Any CPU = Release|Any CPU
	EndGlobalSection
	GlobalSection(ProjectConfigurationPlatforms) = postSolution
		{8F8A3296-DEE8-4162-9033-E59E17251E04}.Debug|Any CPU.ActiveCfg = Debug|Any CPU
		{8F8A3296-DEE8-4162-9033-E59E17251E04}.Debug|Any CPU.Build.0 = Debug|Any CPU
		{8F8A3296-DEE8-4162-9033-E59E17251E04}.Release|Any CPU.ActiveCfg = Release|Any CPU
		{8F8A3296-DEE8-4162-9033-E59E17251E04}.Release|Any CPU.Build.0 = Release|Any CPU
	EndGlobalSection
	GlobalSection(SolutionProperties) = preSolution
		HideSolutionNode = FALSE
	EndGlobalSection
	GlobalSection(ExtensibilityGlobals) = postSolution
		SolutionGuid = {3E075D72-5B89-44DF-A83D-0FEE81CE4418}
	EndGlobalSection
EndGlobal
